// !$*UTF8*$!
{
	archiveVersion = 1;
	classes = {
	};
	objectVersion = 77;
	objects = {

/* Begin PBXCopyFilesBuildPhase section */
		431C8C162DA5D2BE003CE191 /* CopyFiles */ = {
			isa = PBXCopyFilesBuildPhase;
			buildActionMask = 2147483647;
			dstPath = /usr/share/man/man1/;
			dstSubfolderSpec = 0;
			files = (
			);
			runOnlyForDeploymentPostprocessing = 1;
		};
		431C8C212DA832BF003CE191 /* CopyFiles */ = {
			isa = PBXCopyFilesBuildPhase;
			buildActionMask = 2147483647;
			dstPath = /usr/share/man/man1/;
			dstSubfolderSpec = 0;
			files = (
			);
			runOnlyForDeploymentPostprocessing = 1;
		};
		431C8C3E2DA96642003CE191 /* CopyFiles */ = {
			isa = PBXCopyFilesBuildPhase;
			buildActionMask = 2147483647;
			dstPath = /usr/share/man/man1/;
			dstSubfolderSpec = 0;
			files = (
			);
			runOnlyForDeploymentPostprocessing = 1;
		};
		43488F2C2DB8829C00AAFE17 /* CopyFiles */ = {
			isa = PBXCopyFilesBuildPhase;
			buildActionMask = 2147483647;
			dstPath = /usr/share/man/man1/;
			dstSubfolderSpec = 0;
			files = (
			);
			runOnlyForDeploymentPostprocessing = 1;
		};
		43488F612DBAE10A00AAFE17 /* CopyFiles */ = {
			isa = PBXCopyFilesBuildPhase;
			buildActionMask = 2147483647;
			dstPath = /usr/share/man/man1/;
			dstSubfolderSpec = 0;
			files = (
			);
			runOnlyForDeploymentPostprocessing = 1;
		};
		43488F702DBAECF100AAFE17 /* CopyFiles */ = {
			isa = PBXCopyFilesBuildPhase;
			buildActionMask = 2147483647;
			dstPath = /usr/share/man/man1/;
			dstSubfolderSpec = 0;
			files = (
			);
			runOnlyForDeploymentPostprocessing = 1;
		};
		436AF3E62DAF03E600F60555 /* CopyFiles */ = {
			isa = PBXCopyFilesBuildPhase;
			buildActionMask = 2147483647;
			dstPath = /usr/share/man/man1/;
			dstSubfolderSpec = 0;
			files = (
			);
			runOnlyForDeploymentPostprocessing = 1;
		};
		43868DBB2D9C8DDA003C6CE7 /* CopyFiles */ = {
			isa = PBXCopyFilesBuildPhase;
			buildActionMask = 2147483647;
			dstPath = /usr/share/man/man1/;
			dstSubfolderSpec = 0;
			files = (
			);
			runOnlyForDeploymentPostprocessing = 1;
		};
		43868DCC2D9C9BEB003C6CE7 /* CopyFiles */ = {
			isa = PBXCopyFilesBuildPhase;
			buildActionMask = 2147483647;
			dstPath = /usr/share/man/man1/;
			dstSubfolderSpec = 0;
			files = (
			);
			runOnlyForDeploymentPostprocessing = 1;
		};
		43868DD92D9DE820003C6CE7 /* CopyFiles */ = {
			isa = PBXCopyFilesBuildPhase;
			buildActionMask = 2147483647;
			dstPath = /usr/share/man/man1/;
			dstSubfolderSpec = 0;
			files = (
			);
			runOnlyForDeploymentPostprocessing = 1;
		};
		43868F282D9F37A4003C6CE7 /* CopyFiles */ = {
			isa = PBXCopyFilesBuildPhase;
			buildActionMask = 2147483647;
			dstPath = /usr/share/man/man1/;
			dstSubfolderSpec = 0;
			files = (
			);
			runOnlyForDeploymentPostprocessing = 1;
		};
		43E3DEA32DB6183C0059504E /* CopyFiles */ = {
			isa = PBXCopyFilesBuildPhase;
			buildActionMask = 2147483647;
			dstPath = /usr/share/man/man1/;
			dstSubfolderSpec = 0;
			files = (
			);
			runOnlyForDeploymentPostprocessing = 1;
		};
		43ED4C042DB6EEB200A2DD19 /* CopyFiles */ = {
			isa = PBXCopyFilesBuildPhase;
			buildActionMask = 2147483647;
			dstPath = /usr/share/man/man1/;
			dstSubfolderSpec = 0;
			files = (
			);
			runOnlyForDeploymentPostprocessing = 1;
		};
/* End PBXCopyFilesBuildPhase section */

/* Begin PBXFileReference section */
		431C8C182DA5D2BE003CE191 /* pointer&red */ = {isa = PBXFileReference; explicitFileType = "compiled.mach-o.executable"; includeInIndex = 0; path = "pointer&red"; sourceTree = BUILT_PRODUCTS_DIR; };
		431C8C232DA832BF003CE191 /* memoryreview */ = {isa = PBXFileReference; explicitFileType = "compiled.mach-o.executable"; includeInIndex = 0; path = memoryreview; sourceTree = BUILT_PRODUCTS_DIR; };
		431C8C402DA96642003CE191 /* containers */ = {isa = PBXFileReference; explicitFileType = "compiled.mach-o.executable"; includeInIndex = 0; path = containers; sourceTree = BUILT_PRODUCTS_DIR; };
		43488F2E2DB8829C00AAFE17 /* fail */ = {isa = PBXFileReference; explicitFileType = "compiled.mach-o.executable"; includeInIndex = 0; path = fail; sourceTree = BUILT_PRODUCTS_DIR; };
		43488F632DBAE10A00AAFE17 /* OperationOverload */ = {isa = PBXFileReference; explicitFileType = "compiled.mach-o.executable"; includeInIndex = 0; path = OperationOverload; sourceTree = BUILT_PRODUCTS_DIR; };
		43488F722DBAECF100AAFE17 /* FractionExercise */ = {isa = PBXFileReference; explicitFileType = "compiled.mach-o.executable"; includeInIndex = 0; path = FractionExercise; sourceTree = BUILT_PRODUCTS_DIR; };
		436AF3E82DAF03E600F60555 /* oop */ = {isa = PBXFileReference; explicitFileType = "compiled.mach-o.executable"; includeInIndex = 0; path = oop; sourceTree = BUILT_PRODUCTS_DIR; };
		43868DBD2D9C8DDA003C6CE7 /* CSC195 */ = {isa = PBXFileReference; explicitFileType = "compiled.mach-o.executable"; includeInIndex = 0; path = CSC195; sourceTree = BUILT_PRODUCTS_DIR; };
		43868DCE2D9C9BEB003C6CE7 /* datatypes */ = {isa = PBXFileReference; explicitFileType = "compiled.mach-o.executable"; includeInIndex = 0; path = datatypes; sourceTree = BUILT_PRODUCTS_DIR; };
		43868DDB2D9DE820003C6CE7 /* structsandotherstuff */ = {isa = PBXFileReference; explicitFileType = "compiled.mach-o.executable"; includeInIndex = 0; path = structsandotherstuff; sourceTree = BUILT_PRODUCTS_DIR; };
		43868F2A2D9F37A4003C6CE7 /* NumGuesser */ = {isa = PBXFileReference; explicitFileType = "compiled.mach-o.executable"; includeInIndex = 0; path = NumGuesser; sourceTree = BUILT_PRODUCTS_DIR; };
		43E3DEA52DB6183C0059504E /* Classes */ = {isa = PBXFileReference; explicitFileType = "compiled.mach-o.executable"; includeInIndex = 0; path = Classes; sourceTree = BUILT_PRODUCTS_DIR; };
		43ED4C062DB6EEB200A2DD19 /* ClassesExcercise */ = {isa = PBXFileReference; explicitFileType = "compiled.mach-o.executable"; includeInIndex = 0; path = ClassesExcercise; sourceTree = BUILT_PRODUCTS_DIR; };
/* End PBXFileReference section */

/* Begin PBXFileSystemSynchronizedGroupBuildPhaseMembershipExceptionSet section */
		43ED4C112DB6EEFF00A2DD19 /* Exceptions for "ClassesExcercise" folder in "Compile Sources" phase from "ClassesExcercise" target */ = {
			isa = PBXFileSystemSynchronizedGroupBuildPhaseMembershipExceptionSet;
			buildPhase = 43ED4C022DB6EEB200A2DD19 /* Sources */;
			membershipExceptions = (
				Phone.h,
			);
		};
/* End PBXFileSystemSynchronizedGroupBuildPhaseMembershipExceptionSet section */

/* Begin PBXFileSystemSynchronizedRootGroup section */
		431C8C192DA5D2BE003CE191 /* pointer&red */ = {
			isa = PBXFileSystemSynchronizedRootGroup;
			path = "pointer&red";
			sourceTree = "<group>";
		};
		431C8C242DA832BF003CE191 /* memoryreview */ = {
			isa = PBXFileSystemSynchronizedRootGroup;
			path = memoryreview;
			sourceTree = "<group>";
		};
		431C8C412DA96642003CE191 /* containers */ = {
			isa = PBXFileSystemSynchronizedRootGroup;
			path = containers;
			sourceTree = "<group>";
		};
		43488F2F2DB8829C00AAFE17 /* fail */ = {
			isa = PBXFileSystemSynchronizedRootGroup;
			path = fail;
			sourceTree = "<group>";
		};
		43488F732DBAECF100AAFE17 /* FractionExercise */ = {
			isa = PBXFileSystemSynchronizedRootGroup;
			path = FractionExercise;
			sourceTree = "<group>";
		};
		436AF3E92DAF03E600F60555 /* oop */ = {
			isa = PBXFileSystemSynchronizedRootGroup;
			path = oop;
			sourceTree = "<group>";
		};
		43868DBF2D9C8DDA003C6CE7 /* HelloWorld */ = {
			isa = PBXFileSystemSynchronizedRootGroup;
			path = HelloWorld;
			sourceTree = "<group>";
		};
		43868DCF2D9C9BEB003C6CE7 /* datatypes */ = {
			isa = PBXFileSystemSynchronizedRootGroup;
			path = datatypes;
			sourceTree = "<group>";
		};
		43868DDC2D9DE821003C6CE7 /* UserDataypes */ = {
			isa = PBXFileSystemSynchronizedRootGroup;
			path = UserDataypes;
			sourceTree = "<group>";
		};
		43868F2B2D9F37A4003C6CE7 /* NumGuesser */ = {
			isa = PBXFileSystemSynchronizedRootGroup;
			path = NumGuesser;
			sourceTree = "<group>";
		};
		43ED4C072DB6EEB200A2DD19 /* ClassesExcercise */ = {
			isa = PBXFileSystemSynchronizedRootGroup;
			exceptions = (
				43ED4C112DB6EEFF00A2DD19 /* Exceptions for "ClassesExcercise" folder in "Compile Sources" phase from "ClassesExcercise" target */,
			);
			path = ClassesExcercise;
			sourceTree = "<group>";
		};
/* End PBXFileSystemSynchronizedRootGroup section */

/* Begin PBXFrameworksBuildPhase section */
		431C8C152DA5D2BE003CE191 /* Frameworks */ = {
			isa = PBXFrameworksBuildPhase;
			buildActionMask = 2147483647;
			files = (
			);
			runOnlyForDeploymentPostprocessing = 0;
		};
		431C8C202DA832BF003CE191 /* Frameworks */ = {
			isa = PBXFrameworksBuildPhase;
			buildActionMask = 2147483647;
			files = (
			);
			runOnlyForDeploymentPostprocessing = 0;
		};
		431C8C3D2DA96642003CE191 /* Frameworks */ = {
			isa = PBXFrameworksBuildPhase;
			buildActionMask = 2147483647;
			files = (
			);
			runOnlyForDeploymentPostprocessing = 0;
		};
		43488F2B2DB8829C00AAFE17 /* Frameworks */ = {
			isa = PBXFrameworksBuildPhase;
			buildActionMask = 2147483647;
			files = (
			);
			runOnlyForDeploymentPostprocessing = 0;
		};
		43488F602DBAE10A00AAFE17 /* Frameworks */ = {
			isa = PBXFrameworksBuildPhase;
			buildActionMask = 2147483647;
			files = (
			);
			runOnlyForDeploymentPostprocessing = 0;
		};
		43488F6F2DBAECF100AAFE17 /* Frameworks */ = {
			isa = PBXFrameworksBuildPhase;
			buildActionMask = 2147483647;
			files = (
			);
			runOnlyForDeploymentPostprocessing = 0;
		};
		436AF3E52DAF03E600F60555 /* Frameworks */ = {
			isa = PBXFrameworksBuildPhase;
			buildActionMask = 2147483647;
			files = (
			);
			runOnlyForDeploymentPostprocessing = 0;
		};
		43868DBA2D9C8DDA003C6CE7 /* Frameworks */ = {
			isa = PBXFrameworksBuildPhase;
			buildActionMask = 2147483647;
			files = (
			);
			runOnlyForDeploymentPostprocessing = 0;
		};
		43868DCB2D9C9BEB003C6CE7 /* Frameworks */ = {
			isa = PBXFrameworksBuildPhase;
			buildActionMask = 2147483647;
			files = (
			);
			runOnlyForDeploymentPostprocessing = 0;
		};
		43868DD82D9DE820003C6CE7 /* Frameworks */ = {
			isa = PBXFrameworksBuildPhase;
			buildActionMask = 2147483647;
			files = (
			);
			runOnlyForDeploymentPostprocessing = 0;
		};
		43868F272D9F37A4003C6CE7 /* Frameworks */ = {
			isa = PBXFrameworksBuildPhase;
			buildActionMask = 2147483647;
			files = (
			);
			runOnlyForDeploymentPostprocessing = 0;
		};
		43E3DEA22DB6183C0059504E /* Frameworks */ = {
			isa = PBXFrameworksBuildPhase;
			buildActionMask = 2147483647;
			files = (
			);
			runOnlyForDeploymentPostprocessing = 0;
		};
		43ED4C032DB6EEB200A2DD19 /* Frameworks */ = {
			isa = PBXFrameworksBuildPhase;
			buildActionMask = 2147483647;
			files = (
			);
			runOnlyForDeploymentPostprocessing = 0;
		};
/* End PBXFrameworksBuildPhase section */

/* Begin PBXGroup section */
		43868DB42D9C8DDA003C6CE7 = {
			isa = PBXGroup;
			children = (
				43868DCF2D9C9BEB003C6CE7 /* datatypes */,
				43868DDC2D9DE821003C6CE7 /* UserDataypes */,
				43868F2B2D9F37A4003C6CE7 /* NumGuesser */,
				431C8C192DA5D2BE003CE191 /* pointer&red */,
				431C8C242DA832BF003CE191 /* memoryreview */,
				431C8C412DA96642003CE191 /* containers */,
				436AF3E92DAF03E600F60555 /* oop */,
				43ED4C072DB6EEB200A2DD19 /* ClassesExcercise */,
				43488F2F2DB8829C00AAFE17 /* fail */,
				43488F732DBAECF100AAFE17 /* FractionExercise */,
				43868DBE2D9C8DDA003C6CE7 /* Products */,
				43868DBF2D9C8DDA003C6CE7 /* HelloWorld */,
			);
			sourceTree = "<group>";
		};
		43868DBE2D9C8DDA003C6CE7 /* Products */ = {
			isa = PBXGroup;
			children = (
				43868DBD2D9C8DDA003C6CE7 /* CSC195 */,
				43868DCE2D9C9BEB003C6CE7 /* datatypes */,
				43868DDB2D9DE820003C6CE7 /* structsandotherstuff */,
				43868F2A2D9F37A4003C6CE7 /* NumGuesser */,
				431C8C182DA5D2BE003CE191 /* pointer&red */,
				431C8C232DA832BF003CE191 /* memoryreview */,
				431C8C402DA96642003CE191 /* containers */,
				436AF3E82DAF03E600F60555 /* oop */,
				43E3DEA52DB6183C0059504E /* Classes */,
				43ED4C062DB6EEB200A2DD19 /* ClassesExcercise */,
				43488F2E2DB8829C00AAFE17 /* fail */,
				43488F632DBAE10A00AAFE17 /* OperationOverload */,
				43488F722DBAECF100AAFE17 /* FractionExercise */,
			);
			name = Products;
			sourceTree = "<group>";
		};
/* End PBXGroup section */

/* Begin PBXNativeTarget section */
		431C8C172DA5D2BE003CE191 /* pointer&red */ = {
			isa = PBXNativeTarget;
			buildConfigurationList = 431C8C1C2DA5D2BE003CE191 /* Build configuration list for PBXNativeTarget "pointer&red" */;
			buildPhases = (
				431C8C142DA5D2BE003CE191 /* Sources */,
				431C8C152DA5D2BE003CE191 /* Frameworks */,
				431C8C162DA5D2BE003CE191 /* CopyFiles */,
			);
			buildRules = (
			);
			dependencies = (
			);
			fileSystemSynchronizedGroups = (
				431C8C192DA5D2BE003CE191 /* pointer&red */,
			);
			name = "pointer&red";
			packageProductDependencies = (
			);
			productName = "pointer&red";
			productReference = 431C8C182DA5D2BE003CE191 /* pointer&red */;
			productType = "com.apple.product-type.tool";
		};
		431C8C222DA832BF003CE191 /* memoryreview */ = {
			isa = PBXNativeTarget;
			buildConfigurationList = 431C8C272DA832BF003CE191 /* Build configuration list for PBXNativeTarget "memoryreview" */;
			buildPhases = (
				431C8C1F2DA832BF003CE191 /* Sources */,
				431C8C202DA832BF003CE191 /* Frameworks */,
				431C8C212DA832BF003CE191 /* CopyFiles */,
			);
			buildRules = (
			);
			dependencies = (
			);
			fileSystemSynchronizedGroups = (
				431C8C242DA832BF003CE191 /* memoryreview */,
			);
			name = memoryreview;
			packageProductDependencies = (
			);
			productName = memoryreview;
			productReference = 431C8C232DA832BF003CE191 /* memoryreview */;
			productType = "com.apple.product-type.tool";
		};
		431C8C3F2DA96642003CE191 /* containers */ = {
			isa = PBXNativeTarget;
			buildConfigurationList = 431C8C462DA96642003CE191 /* Build configuration list for PBXNativeTarget "containers" */;
			buildPhases = (
				431C8C3C2DA96642003CE191 /* Sources */,
				431C8C3D2DA96642003CE191 /* Frameworks */,
				431C8C3E2DA96642003CE191 /* CopyFiles */,
			);
			buildRules = (
			);
			dependencies = (
			);
			fileSystemSynchronizedGroups = (
				431C8C412DA96642003CE191 /* containers */,
			);
			name = containers;
			packageProductDependencies = (
			);
			productName = containers;
			productReference = 431C8C402DA96642003CE191 /* containers */;
			productType = "com.apple.product-type.tool";
		};
		43488F2D2DB8829C00AAFE17 /* fail */ = {
			isa = PBXNativeTarget;
			buildConfigurationList = 43488F342DB8829C00AAFE17 /* Build configuration list for PBXNativeTarget "fail" */;
			buildPhases = (
				43488F2A2DB8829C00AAFE17 /* Sources */,
				43488F2B2DB8829C00AAFE17 /* Frameworks */,
				43488F2C2DB8829C00AAFE17 /* CopyFiles */,
			);
			buildRules = (
			);
			dependencies = (
			);
			fileSystemSynchronizedGroups = (
				43488F2F2DB8829C00AAFE17 /* fail */,
			);
			name = fail;
			packageProductDependencies = (
			);
			productName = fail;
			productReference = 43488F2E2DB8829C00AAFE17 /* fail */;
			productType = "com.apple.product-type.tool";
		};
		43488F622DBAE10A00AAFE17 /* OperationOverload */ = {
			isa = PBXNativeTarget;
			buildConfigurationList = 43488F692DBAE10A00AAFE17 /* Build configuration list for PBXNativeTarget "OperationOverload" */;
			buildPhases = (
				43488F5F2DBAE10A00AAFE17 /* Sources */,
				43488F602DBAE10A00AAFE17 /* Frameworks */,
				43488F612DBAE10A00AAFE17 /* CopyFiles */,
			);
			buildRules = (
			);
			dependencies = (
			);
			name = OperationOverload;
			packageProductDependencies = (
			);
			productName = OperationOverload;
			productReference = 43488F632DBAE10A00AAFE17 /* OperationOverload */;
			productType = "com.apple.product-type.tool";
		};
		43488F712DBAECF100AAFE17 /* FractionExercise */ = {
			isa = PBXNativeTarget;
			buildConfigurationList = 43488F762DBAECF100AAFE17 /* Build configuration list for PBXNativeTarget "FractionExercise" */;
			buildPhases = (
				43488F6E2DBAECF100AAFE17 /* Sources */,
				43488F6F2DBAECF100AAFE17 /* Frameworks */,
				43488F702DBAECF100AAFE17 /* CopyFiles */,
			);
			buildRules = (
			);
			dependencies = (
			);
			fileSystemSynchronizedGroups = (
				43488F732DBAECF100AAFE17 /* FractionExercise */,
			);
			name = FractionExercise;
			packageProductDependencies = (
			);
			productName = FractionExercise;
			productReference = 43488F722DBAECF100AAFE17 /* FractionExercise */;
			productType = "com.apple.product-type.tool";
		};
		436AF3E72DAF03E600F60555 /* oop */ = {
			isa = PBXNativeTarget;
			buildConfigurationList = 436AF3EE2DAF03E600F60555 /* Build configuration list for PBXNativeTarget "oop" */;
			buildPhases = (
				436AF3E42DAF03E600F60555 /* Sources */,
				436AF3E52DAF03E600F60555 /* Frameworks */,
				436AF3E62DAF03E600F60555 /* CopyFiles */,
			);
			buildRules = (
			);
			dependencies = (
			);
			fileSystemSynchronizedGroups = (
				436AF3E92DAF03E600F60555 /* oop */,
			);
			name = oop;
			packageProductDependencies = (
			);
			productName = oop;
			productReference = 436AF3E82DAF03E600F60555 /* oop */;
			productType = "com.apple.product-type.tool";
		};
		43868DBC2D9C8DDA003C6CE7 /* CSC195 */ = {
			isa = PBXNativeTarget;
			buildConfigurationList = 43868DC42D9C8DDA003C6CE7 /* Build configuration list for PBXNativeTarget "CSC195" */;
			buildPhases = (
				43868DB92D9C8DDA003C6CE7 /* Sources */,
				43868DBA2D9C8DDA003C6CE7 /* Frameworks */,
				43868DBB2D9C8DDA003C6CE7 /* CopyFiles */,
			);
			buildRules = (
			);
			dependencies = (
			);
			fileSystemSynchronizedGroups = (
				43868DBF2D9C8DDA003C6CE7 /* HelloWorld */,
			);
			name = CSC195;
			packageProductDependencies = (
			);
			productName = CSC195;
			productReference = 43868DBD2D9C8DDA003C6CE7 /* CSC195 */;
			productType = "com.apple.product-type.tool";
		};
		43868DCD2D9C9BEB003C6CE7 /* datatypes */ = {
			isa = PBXNativeTarget;
			buildConfigurationList = 43868DD22D9C9BEB003C6CE7 /* Build configuration list for PBXNativeTarget "datatypes" */;
			buildPhases = (
				43868DCA2D9C9BEB003C6CE7 /* Sources */,
				43868DCB2D9C9BEB003C6CE7 /* Frameworks */,
				43868DCC2D9C9BEB003C6CE7 /* CopyFiles */,
			);
			buildRules = (
			);
			dependencies = (
			);
			fileSystemSynchronizedGroups = (
				43868DCF2D9C9BEB003C6CE7 /* datatypes */,
			);
			name = datatypes;
			packageProductDependencies = (
			);
			productName = datatypes;
			productReference = 43868DCE2D9C9BEB003C6CE7 /* datatypes */;
			productType = "com.apple.product-type.tool";
		};
		43868DDA2D9DE820003C6CE7 /* structsandotherstuff */ = {
			isa = PBXNativeTarget;
			buildConfigurationList = 43868DDF2D9DE821003C6CE7 /* Build configuration list for PBXNativeTarget "structsandotherstuff" */;
			buildPhases = (
				43868DD72D9DE820003C6CE7 /* Sources */,
				43868DD82D9DE820003C6CE7 /* Frameworks */,
				43868DD92D9DE820003C6CE7 /* CopyFiles */,
			);
			buildRules = (
			);
			dependencies = (
			);
			fileSystemSynchronizedGroups = (
				43868DDC2D9DE821003C6CE7 /* UserDataypes */,
			);
			name = structsandotherstuff;
			packageProductDependencies = (
			);
			productName = structsandotherstuff;
			productReference = 43868DDB2D9DE820003C6CE7 /* structsandotherstuff */;
			productType = "com.apple.product-type.tool";
		};
		43868F292D9F37A4003C6CE7 /* NumGuesser */ = {
			isa = PBXNativeTarget;
			buildConfigurationList = 43868F2E2D9F37A4003C6CE7 /* Build configuration list for PBXNativeTarget "NumGuesser" */;
			buildPhases = (
				43868F262D9F37A4003C6CE7 /* Sources */,
				43868F272D9F37A4003C6CE7 /* Frameworks */,
				43868F282D9F37A4003C6CE7 /* CopyFiles */,
			);
			buildRules = (
			);
			dependencies = (
			);
			fileSystemSynchronizedGroups = (
				43868F2B2D9F37A4003C6CE7 /* NumGuesser */,
			);
			name = NumGuesser;
			packageProductDependencies = (
			);
			productName = NumGuesser;
			productReference = 43868F2A2D9F37A4003C6CE7 /* NumGuesser */;
			productType = "com.apple.product-type.tool";
		};
		43E3DEA42DB6183C0059504E /* Classes */ = {
			isa = PBXNativeTarget;
			buildConfigurationList = 43E3DEAB2DB6183D0059504E /* Build configuration list for PBXNativeTarget "Classes" */;
			buildPhases = (
				43E3DEA12DB6183C0059504E /* Sources */,
				43E3DEA22DB6183C0059504E /* Frameworks */,
				43E3DEA32DB6183C0059504E /* CopyFiles */,
			);
			buildRules = (
			);
			dependencies = (
			);
			name = Classes;
			packageProductDependencies = (
			);
			productName = Classes;
			productReference = 43E3DEA52DB6183C0059504E /* Classes */;
			productType = "com.apple.product-type.tool";
		};
		43ED4C052DB6EEB200A2DD19 /* ClassesExcercise */ = {
			isa = PBXNativeTarget;
			buildConfigurationList = 43ED4C0C2DB6EEB200A2DD19 /* Build configuration list for PBXNativeTarget "ClassesExcercise" */;
			buildPhases = (
				43ED4C022DB6EEB200A2DD19 /* Sources */,
				43ED4C032DB6EEB200A2DD19 /* Frameworks */,
				43ED4C042DB6EEB200A2DD19 /* CopyFiles */,
			);
			buildRules = (
			);
			dependencies = (
			);
			fileSystemSynchronizedGroups = (
				43ED4C072DB6EEB200A2DD19 /* ClassesExcercise */,
			);
			name = ClassesExcercise;
			packageProductDependencies = (
			);
			productName = ClassesExcercise;
			productReference = 43ED4C062DB6EEB200A2DD19 /* ClassesExcercise */;
			productType = "com.apple.product-type.tool";
		};
/* End PBXNativeTarget section */

/* Begin PBXProject section */
		43868DB52D9C8DDA003C6CE7 /* Project object */ = {
			isa = PBXProject;
			attributes = {
				BuildIndependentTargetsInParallel = 1;
				LastUpgradeCheck = 1630;
				TargetAttributes = {
					431C8C172DA5D2BE003CE191 = {
						CreatedOnToolsVersion = 16.3;
					};
					431C8C222DA832BF003CE191 = {
						CreatedOnToolsVersion = 16.3;
					};
					431C8C3F2DA96642003CE191 = {
						CreatedOnToolsVersion = 16.3;
					};
					43488F2D2DB8829C00AAFE17 = {
						CreatedOnToolsVersion = 16.3;
					};
					43488F622DBAE10A00AAFE17 = {
						CreatedOnToolsVersion = 16.3;
					};
					43488F712DBAECF100AAFE17 = {
						CreatedOnToolsVersion = 16.3;
					};
					436AF3E72DAF03E600F60555 = {
						CreatedOnToolsVersion = 16.3;
					};
					43868DBC2D9C8DDA003C6CE7 = {
						CreatedOnToolsVersion = 16.3;
					};
					43868DCD2D9C9BEB003C6CE7 = {
						CreatedOnToolsVersion = 16.3;
					};
					43868DDA2D9DE820003C6CE7 = {
						CreatedOnToolsVersion = 16.3;
					};
					43868F292D9F37A4003C6CE7 = {
						CreatedOnToolsVersion = 16.3;
					};
					43E3DEA42DB6183C0059504E = {
						CreatedOnToolsVersion = 16.3;
					};
					43ED4C052DB6EEB200A2DD19 = {
						CreatedOnToolsVersion = 16.3;
					};
				};
			};
			buildConfigurationList = 43868DB82D9C8DDA003C6CE7 /* Build configuration list for PBXProject "CSC195" */;
			developmentRegion = en;
			hasScannedForEncodings = 0;
			knownRegions = (
				en,
				Base,
			);
			mainGroup = 43868DB42D9C8DDA003C6CE7;
			minimizedProjectReferenceProxies = 1;
			preferredProjectObjectVersion = 77;
			productRefGroup = 43868DBE2D9C8DDA003C6CE7 /* Products */;
			projectDirPath = "";
			projectRoot = "";
			targets = (
				43868DBC2D9C8DDA003C6CE7 /* CSC195 */,
				43868DCD2D9C9BEB003C6CE7 /* datatypes */,
				43868DDA2D9DE820003C6CE7 /* structsandotherstuff */,
				43868F292D9F37A4003C6CE7 /* NumGuesser */,
				431C8C172DA5D2BE003CE191 /* pointer&red */,
				431C8C222DA832BF003CE191 /* memoryreview */,
				431C8C3F2DA96642003CE191 /* containers */,
				436AF3E72DAF03E600F60555 /* oop */,
				43E3DEA42DB6183C0059504E /* Classes */,
				43ED4C052DB6EEB200A2DD19 /* ClassesExcercise */,
				43488F2D2DB8829C00AAFE17 /* fail */,
				43488F622DBAE10A00AAFE17 /* OperationOverload */,
				43488F712DBAECF100AAFE17 /* FractionExercise */,
			);
		};
/* End PBXProject section */

/* Begin PBXSourcesBuildPhase section */
		431C8C142DA5D2BE003CE191 /* Sources */ = {
			isa = PBXSourcesBuildPhase;
			buildActionMask = 2147483647;
			files = (
			);
			runOnlyForDeploymentPostprocessing = 0;
		};
		431C8C1F2DA832BF003CE191 /* Sources */ = {
			isa = PBXSourcesBuildPhase;
			buildActionMask = 2147483647;
			files = (
			);
			runOnlyForDeploymentPostprocessing = 0;
		};
		431C8C3C2DA96642003CE191 /* Sources */ = {
			isa = PBXSourcesBuildPhase;
			buildActionMask = 2147483647;
			files = (
			);
			runOnlyForDeploymentPostprocessing = 0;
		};
		43488F2A2DB8829C00AAFE17 /* Sources */ = {
			isa = PBXSourcesBuildPhase;
			buildActionMask = 2147483647;
			files = (
			);
			runOnlyForDeploymentPostprocessing = 0;
		};
		43488F5F2DBAE10A00AAFE17 /* Sources */ = {
			isa = PBXSourcesBuildPhase;
			buildActionMask = 2147483647;
			files = (
			);
			runOnlyForDeploymentPostprocessing = 0;
		};
		43488F6E2DBAECF100AAFE17 /* Sources */ = {
			isa = PBXSourcesBuildPhase;
			buildActionMask = 2147483647;
			files = (
			);
			runOnlyForDeploymentPostprocessing = 0;
		};
		436AF3E42DAF03E600F60555 /* Sources */ = {
			isa = PBXSourcesBuildPhase;
			buildActionMask = 2147483647;
			files = (
			);
			runOnlyForDeploymentPostprocessing = 0;
		};
		43868DB92D9C8DDA003C6CE7 /* Sources */ = {
			isa = PBXSourcesBuildPhase;
			buildActionMask = 2147483647;
			files = (
			);
			runOnlyForDeploymentPostprocessing = 0;
		};
		43868DCA2D9C9BEB003C6CE7 /* Sources */ = {
			isa = PBXSourcesBuildPhase;
			buildActionMask = 2147483647;
			files = (
			);
			runOnlyForDeploymentPostprocessing = 0;
		};
		43868DD72D9DE820003C6CE7 /* Sources */ = {
			isa = PBXSourcesBuildPhase;
			buildActionMask = 2147483647;
			files = (
			);
			runOnlyForDeploymentPostprocessing = 0;
		};
		43868F262D9F37A4003C6CE7 /* Sources */ = {
			isa = PBXSourcesBuildPhase;
			buildActionMask = 2147483647;
			files = (
			);
			runOnlyForDeploymentPostprocessing = 0;
		};
		43E3DEA12DB6183C0059504E /* Sources */ = {
			isa = PBXSourcesBuildPhase;
			buildActionMask = 2147483647;
			files = (
			);
			runOnlyForDeploymentPostprocessing = 0;
		};
		43ED4C022DB6EEB200A2DD19 /* Sources */ = {
			isa = PBXSourcesBuildPhase;
			buildActionMask = 2147483647;
			files = (
			);
			runOnlyForDeploymentPostprocessing = 0;
		};
/* End PBXSourcesBuildPhase section */

/* Begin XCBuildConfiguration section */
		431C8C1D2DA5D2BE003CE191 /* Debug */ = {
			isa = XCBuildConfiguration;
			buildSettings = {
				CODE_SIGN_STYLE = Automatic;
				PRODUCT_NAME = "$(TARGET_NAME)";
			};
			name = Debug;
		};
		431C8C1E2DA5D2BE003CE191 /* Release */ = {
			isa = XCBuildConfiguration;
			buildSettings = {
				CODE_SIGN_STYLE = Automatic;
				PRODUCT_NAME = "$(TARGET_NAME)";
			};
			name = Release;
		};
		431C8C282DA832BF003CE191 /* Debug */ = {
			isa = XCBuildConfiguration;
			buildSettings = {
				CODE_SIGN_STYLE = Automatic;
				PRODUCT_NAME = "$(TARGET_NAME)";
			};
			name = Debug;
		};
		431C8C292DA832BF003CE191 /* Release */ = {
			isa = XCBuildConfiguration;
			buildSettings = {
				CODE_SIGN_STYLE = Automatic;
				PRODUCT_NAME = "$(TARGET_NAME)";
			};
			name = Release;
		};
		431C8C442DA96642003CE191 /* Debug */ = {
			isa = XCBuildConfiguration;
			buildSettings = {
				CODE_SIGN_STYLE = Automatic;
				PRODUCT_NAME = "$(TARGET_NAME)";
			};
			name = Debug;
		};
		431C8C452DA96642003CE191 /* Release */ = {
			isa = XCBuildConfiguration;
			buildSettings = {
				CODE_SIGN_STYLE = Automatic;
				PRODUCT_NAME = "$(TARGET_NAME)";
			};
			name = Release;
		};
		43488F322DB8829C00AAFE17 /* Debug */ = {
			isa = XCBuildConfiguration;
			buildSettings = {
				CODE_SIGN_STYLE = Automatic;
				PRODUCT_NAME = "$(TARGET_NAME)";
			};
			name = Debug;
		};
		43488F332DB8829C00AAFE17 /* Release */ = {
			isa = XCBuildConfiguration;
			buildSettings = {
				CODE_SIGN_STYLE = Automatic;
				PRODUCT_NAME = "$(TARGET_NAME)";
			};
			name = Release;
		};
		43488F672DBAE10A00AAFE17 /* Debug */ = {
			isa = XCBuildConfiguration;
			buildSettings = {
				CODE_SIGN_STYLE = Automatic;
				PRODUCT_NAME = "$(TARGET_NAME)";
			};
			name = Debug;
		};
		43488F682DBAE10A00AAFE17 /* Release */ = {
			isa = XCBuildConfiguration;
			buildSettings = {
				CODE_SIGN_STYLE = Automatic;
				PRODUCT_NAME = "$(TARGET_NAME)";
			};
			name = Release;
		};
		43488F772DBAECF100AAFE17 /* Debug */ = {
			isa = XCBuildConfiguration;
			buildSettings = {
				CODE_SIGN_STYLE = Automatic;
				PRODUCT_NAME = "$(TARGET_NAME)";
			};
			name = Debug;
		};
		43488F782DBAECF100AAFE17 /* Release */ = {
			isa = XCBuildConfiguration;
			buildSettings = {
				CODE_SIGN_STYLE = Automatic;
				PRODUCT_NAME = "$(TARGET_NAME)";
			};
			name = Release;
		};
		436AF3EC2DAF03E600F60555 /* Debug */ = {
			isa = XCBuildConfiguration;
			buildSettings = {
				CODE_SIGN_STYLE = Automatic;
				PRODUCT_NAME = "$(TARGET_NAME)";
			};
			name = Debug;
		};
		436AF3ED2DAF03E600F60555 /* Release */ = {
			isa = XCBuildConfiguration;
			buildSettings = {
				CODE_SIGN_STYLE = Automatic;
				PRODUCT_NAME = "$(TARGET_NAME)";
			};
			name = Release;
		};
		43868DC22D9C8DDA003C6CE7 /* Debug */ = {
			isa = XCBuildConfiguration;
			buildSettings = {
				ALWAYS_SEARCH_USER_PATHS = NO;
				ASSETCATALOG_COMPILER_GENERATE_SWIFT_ASSET_SYMBOL_EXTENSIONS = YES;
				CLANG_ANALYZER_NONNULL = YES;
				CLANG_ANALYZER_NUMBER_OBJECT_CONVERSION = YES_AGGRESSIVE;
				CLANG_CXX_LANGUAGE_STANDARD = "gnu++20";
				CLANG_ENABLE_MODULES = YES;
				CLANG_ENABLE_OBJC_ARC = YES;
				CLANG_ENABLE_OBJC_WEAK = YES;
				CLANG_WARN_BLOCK_CAPTURE_AUTORELEASING = YES;
				CLANG_WARN_BOOL_CONVERSION = YES;
				CLANG_WARN_COMMA = YES;
				CLANG_WARN_CONSTANT_CONVERSION = YES;
				CLANG_WARN_DEPRECATED_OBJC_IMPLEMENTATIONS = YES;
				CLANG_WARN_DIRECT_OBJC_ISA_USAGE = YES_ERROR;
				CLANG_WARN_DOCUMENTATION_COMMENTS = YES;
				CLANG_WARN_EMPTY_BODY = YES;
				CLANG_WARN_ENUM_CONVERSION = YES;
				CLANG_WARN_INFINITE_RECURSION = YES;
				CLANG_WARN_INT_CONVERSION = YES;
				CLANG_WARN_NON_LITERAL_NULL_CONVERSION = YES;
				CLANG_WARN_OBJC_IMPLICIT_RETAIN_SELF = YES;
				CLANG_WARN_OBJC_LITERAL_CONVERSION = YES;
				CLANG_WARN_OBJC_ROOT_CLASS = YES_ERROR;
				CLANG_WARN_QUOTED_INCLUDE_IN_FRAMEWORK_HEADER = YES;
				CLANG_WARN_RANGE_LOOP_ANALYSIS = YES;
				CLANG_WARN_STRICT_PROTOTYPES = YES;
				CLANG_WARN_SUSPICIOUS_MOVE = YES;
				CLANG_WARN_UNGUARDED_AVAILABILITY = YES_AGGRESSIVE;
				CLANG_WARN_UNREACHABLE_CODE = YES;
				CLANG_WARN__DUPLICATE_METHOD_MATCH = YES;
				COPY_PHASE_STRIP = NO;
				DEBUG_INFORMATION_FORMAT = dwarf;
				ENABLE_STRICT_OBJC_MSGSEND = YES;
				ENABLE_TESTABILITY = YES;
				ENABLE_USER_SCRIPT_SANDBOXING = YES;
				GCC_C_LANGUAGE_STANDARD = gnu17;
				GCC_DYNAMIC_NO_PIC = NO;
				GCC_NO_COMMON_BLOCKS = YES;
				GCC_OPTIMIZATION_LEVEL = 0;
				GCC_PREPROCESSOR_DEFINITIONS = (
					"DEBUG=1",
					"$(inherited)",
				);
				GCC_WARN_64_TO_32_BIT_CONVERSION = YES;
				GCC_WARN_ABOUT_RETURN_TYPE = YES_ERROR;
				GCC_WARN_UNDECLARED_SELECTOR = YES;
				GCC_WARN_UNINITIALIZED_AUTOS = YES_AGGRESSIVE;
				GCC_WARN_UNUSED_FUNCTION = YES;
				GCC_WARN_UNUSED_VARIABLE = YES;
				LOCALIZATION_PREFERS_STRING_CATALOGS = YES;
				MACOSX_DEPLOYMENT_TARGET = 15.3;
				MTL_ENABLE_DEBUG_INFO = INCLUDE_SOURCE;
				MTL_FAST_MATH = YES;
				ONLY_ACTIVE_ARCH = YES;
				SDKROOT = macosx;
			};
			name = Debug;
		};
		43868DC32D9C8DDA003C6CE7 /* Release */ = {
			isa = XCBuildConfiguration;
			buildSettings = {
				ALWAYS_SEARCH_USER_PATHS = NO;
				ASSETCATALOG_COMPILER_GENERATE_SWIFT_ASSET_SYMBOL_EXTENSIONS = YES;
				CLANG_ANALYZER_NONNULL = YES;
				CLANG_ANALYZER_NUMBER_OBJECT_CONVERSION = YES_AGGRESSIVE;
				CLANG_CXX_LANGUAGE_STANDARD = "gnu++20";
				CLANG_ENABLE_MODULES = YES;
				CLANG_ENABLE_OBJC_ARC = YES;
				CLANG_ENABLE_OBJC_WEAK = YES;
				CLANG_WARN_BLOCK_CAPTURE_AUTORELEASING = YES;
				CLANG_WARN_BOOL_CONVERSION = YES;
				CLANG_WARN_COMMA = YES;
				CLANG_WARN_CONSTANT_CONVERSION = YES;
				CLANG_WARN_DEPRECATED_OBJC_IMPLEMENTATIONS = YES;
				CLANG_WARN_DIRECT_OBJC_ISA_USAGE = YES_ERROR;
				CLANG_WARN_DOCUMENTATION_COMMENTS = YES;
				CLANG_WARN_EMPTY_BODY = YES;
				CLANG_WARN_ENUM_CONVERSION = YES;
				CLANG_WARN_INFINITE_RECURSION = YES;
				CLANG_WARN_INT_CONVERSION = YES;
				CLANG_WARN_NON_LITERAL_NULL_CONVERSION = YES;
				CLANG_WARN_OBJC_IMPLICIT_RETAIN_SELF = YES;
				CLANG_WARN_OBJC_LITERAL_CONVERSION = YES;
				CLANG_WARN_OBJC_ROOT_CLASS = YES_ERROR;
				CLANG_WARN_QUOTED_INCLUDE_IN_FRAMEWORK_HEADER = YES;
				CLANG_WARN_RANGE_LOOP_ANALYSIS = YES;
				CLANG_WARN_STRICT_PROTOTYPES = YES;
				CLANG_WARN_SUSPICIOUS_MOVE = YES;
				CLANG_WARN_UNGUARDED_AVAILABILITY = YES_AGGRESSIVE;
				CLANG_WARN_UNREACHABLE_CODE = YES;
				CLANG_WARN__DUPLICATE_METHOD_MATCH = YES;
				COPY_PHASE_STRIP = NO;
				DEBUG_INFORMATION_FORMAT = "dwarf-with-dsym";
				ENABLE_NS_ASSERTIONS = NO;
				ENABLE_STRICT_OBJC_MSGSEND = YES;
				ENABLE_USER_SCRIPT_SANDBOXING = YES;
				GCC_C_LANGUAGE_STANDARD = gnu17;
				GCC_NO_COMMON_BLOCKS = YES;
				GCC_WARN_64_TO_32_BIT_CONVERSION = YES;
				GCC_WARN_ABOUT_RETURN_TYPE = YES_ERROR;
				GCC_WARN_UNDECLARED_SELECTOR = YES;
				GCC_WARN_UNINITIALIZED_AUTOS = YES_AGGRESSIVE;
				GCC_WARN_UNUSED_FUNCTION = YES;
				GCC_WARN_UNUSED_VARIABLE = YES;
				LOCALIZATION_PREFERS_STRING_CATALOGS = YES;
				MACOSX_DEPLOYMENT_TARGET = 15.3;
				MTL_ENABLE_DEBUG_INFO = NO;
				MTL_FAST_MATH = YES;
				SDKROOT = macosx;
			};
			name = Release;
		};
		43868DC52D9C8DDA003C6CE7 /* Debug */ = {
			isa = XCBuildConfiguration;
			buildSettings = {
				CODE_SIGN_STYLE = Automatic;
				PRODUCT_NAME = "$(TARGET_NAME)";
			};
			name = Debug;
		};
		43868DC62D9C8DDA003C6CE7 /* Release */ = {
			isa = XCBuildConfiguration;
			buildSettings = {
				CODE_SIGN_STYLE = Automatic;
				PRODUCT_NAME = "$(TARGET_NAME)";
			};
			name = Release;
		};
		43868DD32D9C9BEB003C6CE7 /* Debug */ = {
			isa = XCBuildConfiguration;
			buildSettings = {
				CODE_SIGN_STYLE = Automatic;
				PRODUCT_NAME = "$(TARGET_NAME)";
			};
			name = Debug;
		};
		43868DD42D9C9BEB003C6CE7 /* Release */ = {
			isa = XCBuildConfiguration;
			buildSettings = {
				CODE_SIGN_STYLE = Automatic;
				PRODUCT_NAME = "$(TARGET_NAME)";
			};
			name = Release;
		};
		43868DE02D9DE821003C6CE7 /* Debug */ = {
			isa = XCBuildConfiguration;
			buildSettings = {
				CODE_SIGN_STYLE = Automatic;
				PRODUCT_NAME = "$(TARGET_NAME)";
			};
			name = Debug;
		};
		43868DE12D9DE821003C6CE7 /* Release */ = {
			isa = XCBuildConfiguration;
			buildSettings = {
				CODE_SIGN_STYLE = Automatic;
				PRODUCT_NAME = "$(TARGET_NAME)";
			};
			name = Release;
		};
		43868F2F2D9F37A4003C6CE7 /* Debug */ = {
			isa = XCBuildConfiguration;
			buildSettings = {
				CODE_SIGN_STYLE = Automatic;
				PRODUCT_NAME = "$(TARGET_NAME)";
			};
			name = Debug;
		};
		43868F302D9F37A4003C6CE7 /* Release */ = {
			isa = XCBuildConfiguration;
			buildSettings = {
				CODE_SIGN_STYLE = Automatic;
				PRODUCT_NAME = "$(TARGET_NAME)";
			};
			name = Release;
		};
		43E3DEA92DB6183D0059504E /* Debug */ = {
			isa = XCBuildConfiguration;
			buildSettings = {
				CLANG_CXX_LANGUAGE_STANDARD = "c++98";
				CODE_SIGN_STYLE = Automatic;
				GCC_C_LANGUAGE_STANDARD = gnu23;
				PRODUCT_NAME = "$(TARGET_NAME)";
			};
			name = Debug;
		};
		43E3DEAA2DB6183D0059504E /* Release */ = {
			isa = XCBuildConfiguration;
			buildSettings = {
				CLANG_CXX_LANGUAGE_STANDARD = "c++98";
				CODE_SIGN_STYLE = Automatic;
				GCC_C_LANGUAGE_STANDARD = gnu23;
				PRODUCT_NAME = "$(TARGET_NAME)";
			};
			name = Release;
		};
		43ED4C0A2DB6EEB200A2DD19 /* Debug */ = {
			isa = XCBuildConfiguration;
			buildSettings = {
				CODE_SIGN_STYLE = Automatic;
				PRODUCT_NAME = "$(TARGET_NAME)";
			};
			name = Debug;
		};
		43ED4C0B2DB6EEB200A2DD19 /* Release */ = {
			isa = XCBuildConfiguration;
			buildSettings = {
				CODE_SIGN_STYLE = Automatic;
				PRODUCT_NAME = "$(TARGET_NAME)";
			};
			name = Release;
		};
/* End XCBuildConfiguration section */

/* Begin XCConfigurationList section */
		431C8C1C2DA5D2BE003CE191 /* Build configuration list for PBXNativeTarget "pointer&red" */ = {
			isa = XCConfigurationList;
			buildConfigurations = (
				431C8C1D2DA5D2BE003CE191 /* Debug */,
				431C8C1E2DA5D2BE003CE191 /* Release */,
			);
			defaultConfigurationIsVisible = 0;
			defaultConfigurationName = Release;
		};
		431C8C272DA832BF003CE191 /* Build configuration list for PBXNativeTarget "memoryreview" */ = {
			isa = XCConfigurationList;
			buildConfigurations = (
				431C8C282DA832BF003CE191 /* Debug */,
				431C8C292DA832BF003CE191 /* Release */,
			);
			defaultConfigurationIsVisible = 0;
			defaultConfigurationName = Release;
		};
		431C8C462DA96642003CE191 /* Build configuration list for PBXNativeTarget "containers" */ = {
			isa = XCConfigurationList;
			buildConfigurations = (
				431C8C442DA96642003CE191 /* Debug */,
				431C8C452DA96642003CE191 /* Release */,
			);
			defaultConfigurationIsVisible = 0;
			defaultConfigurationName = Release;
		};
		43488F342DB8829C00AAFE17 /* Build configuration list for PBXNativeTarget "fail" */ = {
			isa = XCConfigurationList;
			buildConfigurations = (
				43488F322DB8829C00AAFE17 /* Debug */,
				43488F332DB8829C00AAFE17 /* Release */,
			);
			defaultConfigurationIsVisible = 0;
			defaultConfigurationName = Release;
		};
		43488F692DBAE10A00AAFE17 /* Build configuration list for PBXNativeTarget "OperationOverload" */ = {
			isa = XCConfigurationList;
			buildConfigurations = (
				43488F672DBAE10A00AAFE17 /* Debug */,
				43488F682DBAE10A00AAFE17 /* Release */,
			);
			defaultConfigurationIsVisible = 0;
			defaultConfigurationName = Release;
		};
		43488F762DBAECF100AAFE17 /* Build configuration list for PBXNativeTarget "FractionExercise" */ = {
			isa = XCConfigurationList;
			buildConfigurations = (
				43488F772DBAECF100AAFE17 /* Debug */,
				43488F782DBAECF100AAFE17 /* Release */,
			);
			defaultConfigurationIsVisible = 0;
			defaultConfigurationName = Release;
		};
		436AF3EE2DAF03E600F60555 /* Build configuration list for PBXNativeTarget "oop" */ = {
			isa = XCConfigurationList;
			buildConfigurations = (
				436AF3EC2DAF03E600F60555 /* Debug */,
				436AF3ED2DAF03E600F60555 /* Release */,
			);
			defaultConfigurationIsVisible = 0;
			defaultConfigurationName = Release;
		};
		43868DB82D9C8DDA003C6CE7 /* Build configuration list for PBXProject "CSC195" */ = {
			isa = XCConfigurationList;
			buildConfigurations = (
				43868DC22D9C8DDA003C6CE7 /* Debug */,
				43868DC32D9C8DDA003C6CE7 /* Release */,
			);
			defaultConfigurationIsVisible = 0;
			defaultConfigurationName = Release;
		};
		43868DC42D9C8DDA003C6CE7 /* Build configuration list for PBXNativeTarget "CSC195" */ = {
			isa = XCConfigurationList;
			buildConfigurations = (
				43868DC52D9C8DDA003C6CE7 /* Debug */,
				43868DC62D9C8DDA003C6CE7 /* Release */,
			);
			defaultConfigurationIsVisible = 0;
			defaultConfigurationName = Release;
		};
		43868DD22D9C9BEB003C6CE7 /* Build configuration list for PBXNativeTarget "datatypes" */ = {
			isa = XCConfigurationList;
			buildConfigurations = (
				43868DD32D9C9BEB003C6CE7 /* Debug */,
				43868DD42D9C9BEB003C6CE7 /* Release */,
			);
			defaultConfigurationIsVisible = 0;
			defaultConfigurationName = Release;
		};
		43868DDF2D9DE821003C6CE7 /* Build configuration list for PBXNativeTarget "structsandotherstuff" */ = {
			isa = XCConfigurationList;
			buildConfigurations = (
				43868DE02D9DE821003C6CE7 /* Debug */,
				43868DE12D9DE821003C6CE7 /* Release */,
			);
			defaultConfigurationIsVisible = 0;
			defaultConfigurationName = Release;
		};
		43868F2E2D9F37A4003C6CE7 /* Build configuration list for PBXNativeTarget "NumGuesser" */ = {
			isa = XCConfigurationList;
			buildConfigurations = (
				43868F2F2D9F37A4003C6CE7 /* Debug */,
				43868F302D9F37A4003C6CE7 /* Release */,
			);
			defaultConfigurationIsVisible = 0;
			defaultConfigurationName = Release;
		};
		43E3DEAB2DB6183D0059504E /* Build configuration list for PBXNativeTarget "Classes" */ = {
			isa = XCConfigurationList;
			buildConfigurations = (
				43E3DEA92DB6183D0059504E /* Debug */,
				43E3DEAA2DB6183D0059504E /* Release */,
			);
			defaultConfigurationIsVisible = 0;
			defaultConfigurationName = Release;
		};
		43ED4C0C2DB6EEB200A2DD19 /* Build configuration list for PBXNativeTarget "ClassesExcercise" */ = {
			isa = XCConfigurationList;
			buildConfigurations = (
				43ED4C0A2DB6EEB200A2DD19 /* Debug */,
				43ED4C0B2DB6EEB200A2DD19 /* Release */,
			);
			defaultConfigurationIsVisible = 0;
			defaultConfigurationName = Release;
		};
/* End XCConfigurationList section */
	};
	rootObject = 43868DB52D9C8DDA003C6CE7 /* Project object */;
}
